
Microsoft Visual Studio Solution File, Format Version 12.00
# Visual Studio Version 17
VisualStudioVersion = 17.0.31912.275
MinimumVisualStudioVersion = 10.0.40219.1
Project("{9A19103F-16F7-4668-BE54-9A1E7A4F7556}") = "Worktime Manager", "Worktime Manager\Worktime Manager.csproj", "{ACE78671-A720-4F00-8154-CABA49318EE2}"
EndProject
Project("{FAE04EC0-301F-11D3-BF4B-00C04F79EFBC}") = "Worktime Manager.Android", "Worktime Manager.Android\Worktime Manager.Android.csproj", "{45FB0F97-6CFA-47D5-A824-8C8803C7D4CD}"
EndProject
Project("{FAE04EC0-301F-11D3-BF4B-00C04F79EFBC}") = "Worktime Manager.iOS", "Worktime Manager.iOS\Worktime Manager.iOS.csproj", "{1934424E-5369-4046-B5D2-235BAFDF827C}"
EndProject
Project("{FAE04EC0-301F-11D3-BF4B-00C04F79EFBC}") = "Worktime Manager.Web", "Worktime Manager.Web\Worktime Manager.Web.csproj", "{A924D36F-A62E-438D-B6D5-513E07E09347}"
EndProject
Global
	GlobalSection(SolutionConfigurationPlatforms) = preSolution
		Debug|Any CPU = Debug|Any CPU
		Debug|iPhone = Debug|iPhone
		Debug|iPhoneSimulator = Debug|iPhoneSimulator
		Release|Any CPU = Release|Any CPU
		Release|iPhone = Release|iPhone
		Release|iPhoneSimulator = Release|iPhoneSimulator
	EndGlobalSection
	GlobalSection(ProjectConfigurationPlatforms) = postSolution
		{ACE78671-A720-4F00-8154-CABA49318EE2}.Debug|Any CPU.ActiveCfg = Debug|Any CPU
		{ACE78671-A720-4F00-8154-CABA49318EE2}.Debug|Any CPU.Build.0 = Debug|Any CPU
		{ACE78671-A720-4F00-8154-CABA49318EE2}.Debug|iPhone.ActiveCfg = Debug|Any CPU
		{ACE78671-A720-4F00-8154-CABA49318EE2}.Debug|iPhone.Build.0 = Debug|Any CPU
		{ACE78671-A720-4F00-8154-CABA49318EE2}.Debug|iPhoneSimulator.ActiveCfg = Debug|Any CPU
		{ACE78671-A720-4F00-8154-CABA49318EE2}.Debug|iPhoneSimulator.Build.0 = Debug|Any CPU
		{ACE78671-A720-4F00-8154-CABA49318EE2}.Release|Any CPU.ActiveCfg = Release|Any CPU
		{ACE78671-A720-4F00-8154-CABA49318EE2}.Release|Any CPU.Build.0 = Release|Any CPU
		{ACE78671-A720-4F00-8154-CABA49318EE2}.Release|iPhone.ActiveCfg = Release|Any CPU
		{ACE78671-A720-4F00-8154-CABA49318EE2}.Release|iPhone.Build.0 = Release|Any CPU
		{ACE78671-A720-4F00-8154-CABA49318EE2}.Release|iPhoneSimulator.ActiveCfg = Release|Any CPU
		{ACE78671-A720-4F00-8154-CABA49318EE2}.Release|iPhoneSimulator.Build.0 = Release|Any CPU
		{45FB0F97-6CFA-47D5-A824-8C8803C7D4CD}.Debug|Any CPU.ActiveCfg = Debug|Any CPU
		{45FB0F97-6CFA-47D5-A824-8C8803C7D4CD}.Debug|Any CPU.Build.0 = Debug|Any CPU
		{45FB0F97-6CFA-47D5-A824-8C8803C7D4CD}.Debug|Any CPU.Deploy.0 = Debug|Any CPU
		{45FB0F97-6CFA-47D5-A824-8C8803C7D4CD}.Debug|iPhone.ActiveCfg = Debug|Any CPU
		{45FB0F97-6CFA-47D5-A824-8C8803C7D4CD}.Debug|iPhone.Build.0 = Debug|Any CPU
		{45FB0F97-6CFA-47D5-A824-8C8803C7D4CD}.Debug|iPhone.Deploy.0 = Debug|Any CPU
		{45FB0F97-6CFA-47D5-A824-8C8803C7D4CD}.Debug|iPhoneSimulator.ActiveCfg = Debug|Any CPU
		{45FB0F97-6CFA-47D5-A824-8C8803C7D4CD}.Debug|iPhoneSimulator.Build.0 = Debug|Any CPU
		{45FB0F97-6CFA-47D5-A824-8C8803C7D4CD}.Debug|iPhoneSimulator.Deploy.0 = Debug|Any CPU
		{45FB0F97-6CFA-47D5-A824-8C8803C7D4CD}.Release|Any CPU.ActiveCfg = Release|Any CPU
		{45FB0F97-6CFA-47D5-A824-8C8803C7D4CD}.Release|Any CPU.Build.0 = Release|Any CPU
		{45FB0F97-6CFA-47D5-A824-8C8803C7D4CD}.Release|Any CPU.Deploy.0 = Release|Any CPU
		{45FB0F97-6CFA-47D5-A824-8C8803C7D4CD}.Release|iPhone.ActiveCfg = Release|Any CPU
		{45FB0F97-6CFA-47D5-A824-8C8803C7D4CD}.Release|iPhone.Build.0 = Release|Any CPU
		{45FB0F97-6CFA-47D5-A824-8C8803C7D4CD}.Release|iPhone.Deploy.0 = Release|Any CPU
		{45FB0F97-6CFA-47D5-A824-8C8803C7D4CD}.Release|iPhoneSimulator.ActiveCfg = Release|Any CPU
		{45FB0F97-6CFA-47D5-A824-8C8803C7D4CD}.Release|iPhoneSimulator.Build.0 = Release|Any CPU
		{45FB0F97-6CFA-47D5-A824-8C8803C7D4CD}.Release|iPhoneSimulator.Deploy.0 = Release|Any CPU
		{1934424E-5369-4046-B5D2-235BAFDF827C}.Debug|Any CPU.ActiveCfg = Debug|iPhoneSimulator
		{1934424E-5369-4046-B5D2-235BAFDF827C}.Debug|Any CPU.Build.0 = Debug|iPhoneSimulator
		{1934424E-5369-4046-B5D2-235BAFDF827C}.Debug|iPhone.ActiveCfg = Debug|iPhone
		{1934424E-5369-4046-B5D2-235BAFDF827C}.Debug|iPhone.Build.0 = Debug|iPhone
		{1934424E-5369-4046-B5D2-235BAFDF827C}.Debug|iPhoneSimulator.ActiveCfg = Debug|iPhoneSimulator
		{1934424E-5369-4046-B5D2-235BAFDF827C}.Debug|iPhoneSimulator.Build.0 = Debug|iPhoneSimulator
		{1934424E-5369-4046-B5D2-235BAFDF827C}.Release|Any CPU.ActiveCfg = Release|iPhoneSimulator
		{1934424E-5369-4046-B5D2-235BAFDF827C}.Release|Any CPU.Build.0 = Release|iPhoneSimulator
		{1934424E-5369-4046-B5D2-235BAFDF827C}.Release|iPhone.ActiveCfg = Release|iPhone
		{1934424E-5369-4046-B5D2-235BAFDF827C}.Release|iPhone.Build.0 = Release|iPhone
		{1934424E-5369-4046-B5D2-235BAFDF827C}.Release|iPhoneSimulator.ActiveCfg = Release|iPhoneSimulator
		{1934424E-5369-4046-B5D2-235BAFDF827C}.Release|iPhoneSimulator.Build.0 = Release|iPhoneSimulator
		{A924D36F-A62E-438D-B6D5-513E07E09347}.Debug|Any CPU.ActiveCfg = Debug|Any CPU
		{A924D36F-A62E-438D-B6D5-513E07E09347}.Debug|Any CPU.Build.0 = Debug|Any CPU
		{A924D36F-A62E-438D-B6D5-513E07E09347}.Debug|iPhone.ActiveCfg = Debug|Any CPU
		{A924D36F-A62E-438D-B6D5-513E07E09347}.Debug|iPhone.Build.0 = Debug|Any CPU
		{A924D36F-A62E-438D-B6D5-513E07E09347}.Debug|iPhoneSimulator.ActiveCfg = Debug|Any CPU
		{A924D36F-A62E-438D-B6D5-513E07E09347}.Debug|iPhoneSimulator.Build.0 = Debug|Any CPU
		{A924D36F-A62E-438D-B6D5-513E07E09347}.Release|Any CPU.ActiveCfg = Release|Any CPU
		{A924D36F-A62E-438D-B6D5-513E07E09347}.Release|Any CPU.Build.0 = Release|Any CPU
		{A924D36F-A62E-438D-B6D5-513E07E09347}.Release|iPhone.ActiveCfg = Release|Any CPU
		{A924D36F-A62E-438D-B6D5-513E07E09347}.Release|iPhone.Build.0 = Release|Any CPU
		{A924D36F-A62E-438D-B6D5-513E07E09347}.Release|iPhoneSimulator.ActiveCfg = Release|Any CPU
		{A924D36F-A62E-438D-B6D5-513E07E09347}.Release|iPhoneSimulator.Build.0 = Release|Any CPU
	EndGlobalSection
	GlobalSection(SolutionProperties) = preSolution
		HideSolutionNode = FALSE
	EndGlobalSection
	GlobalSection(ExtensibilityGlobals) = postSolution
		SolutionGuid = {474AA440-E4C6-471A-BA4A-E5B7852657E9}
	EndGlobalSection
EndGlobal
