
Microsoft Visual Studio Solution File, Format Version 12.00
# Visual Studio Version 17
VisualStudioVersion = 17.0.31912.275
MinimumVisualStudioVersion = 10.0.40219.1
Project("{9A19103F-16F7-4668-BE54-9A1E7A4F7556}") = "Worktime_Manger.Blazor", "Worktime_Manger.Blazor\Worktime_Manger.Blazor.csproj", "{F388199A-CAA8-4198-9900-F0EDF082D499}"
EndProject
Global
	GlobalSection(SolutionConfigurationPlatforms) = preSolution
		Debug|Any CPU = Debug|Any CPU
		Debug|iPhone = Debug|iPhone
		Debug|iPhoneSimulator = Debug|iPhoneSimulator
		Release|Any CPU = Release|Any CPU
		Release|iPhone = Release|iPhone
		Release|iPhoneSimulator = Release|iPhoneSimulator
	EndGlobalSection
	GlobalSection(ProjectConfigurationPlatforms) = postSolution
		{F388199A-CAA8-4198-9900-F0EDF082D499}.Debug|Any CPU.ActiveCfg = Debug|Any CPU
		{F388199A-CAA8-4198-9900-F0EDF082D499}.Debug|Any CPU.Build.0 = Debug|Any CPU
		{F388199A-CAA8-4198-9900-F0EDF082D499}.Debug|iPhone.ActiveCfg = Debug|Any CPU
		{F388199A-CAA8-4198-9900-F0EDF082D499}.Debug|iPhone.Build.0 = Debug|Any CPU
		{F388199A-CAA8-4198-9900-F0EDF082D499}.Debug|iPhoneSimulator.ActiveCfg = Debug|Any CPU
		{F388199A-CAA8-4198-9900-F0EDF082D499}.Debug|iPhoneSimulator.Build.0 = Debug|Any CPU
		{F388199A-CAA8-4198-9900-F0EDF082D499}.Release|Any CPU.ActiveCfg = Release|Any CPU
		{F388199A-CAA8-4198-9900-F0EDF082D499}.Release|Any CPU.Build.0 = Release|Any CPU
		{F388199A-CAA8-4198-9900-F0EDF082D499}.Release|iPhone.ActiveCfg = Release|Any CPU
		{F388199A-CAA8-4198-9900-F0EDF082D499}.Release|iPhone.Build.0 = Release|Any CPU
		{F388199A-CAA8-4198-9900-F0EDF082D499}.Release|iPhoneSimulator.ActiveCfg = Release|Any CPU
		{F388199A-CAA8-4198-9900-F0EDF082D499}.Release|iPhoneSimulator.Build.0 = Release|Any CPU
	EndGlobalSection
	GlobalSection(SolutionProperties) = preSolution
		HideSolutionNode = FALSE
	EndGlobalSection
	GlobalSection(ExtensibilityGlobals) = postSolution
		SolutionGuid = {474AA440-E4C6-471A-BA4A-E5B7852657E9}
	EndGlobalSection
EndGlobal
